
Microsoft Visual Studio Solution File, Format Version 12.00
# Visual Studio Version 17
VisualStudioVersion = 17.0.31903.59
MinimumVisualStudioVersion = 10.0.40219.1
Project("{FAE04EC0-301F-11D3-BF4B-00C04F79EFBC}") = "MSA.Common.Contracts", "MSA.Common.Contracts\MSA.Common.Contracts.csproj", "{E8B2C982-1E83-4C6E-858B-2C59CF525230}"
EndProject
Project("{FAE04EC0-301F-11D3-BF4B-00C04F79EFBC}") = "MSA.Common.Mongo", "MSA.Common.Mongo\MSA.Common.Mongo.csproj", "{1A5569A7-F557-4C1C-96A9-DFA564F0626A}"
EndProject
Project("{FAE04EC0-301F-11D3-BF4B-00C04F79EFBC}") = "MSA.Common.PostgresMassTransit", "MSA.Common.PostgresMassTransit\MSA.Common.PostgresMassTransit.csproj", "{86E38697-02BB-4C83-9040-71D67494D3A7}"
EndProject
Project("{FAE04EC0-301F-11D3-BF4B-00C04F79EFBC}") = "MSA.ProductService", "MSA.ProductService\MSA.ProductService.csproj", "{B5A4FEF4-1289-4163-A533-2B88361F8FD8}"
EndProject
Project("{FAE04EC0-301F-11D3-BF4B-00C04F79EFBC}") = "MSA.OrderService", "MSA.OrderService\MSA.OrderService.csproj", "{F5A7A932-27BF-41EC-93DE-F4798F69C758}"
EndProject
Project("{FAE04EC0-301F-11D3-BF4B-00C04F79EFBC}") = "MSA.IdentityServer", "MSA.IdentityServer\MSA.IdentityServer.csproj", "{E82C370B-BC85-4BB2-BF3B-200D4E2513AB}"
EndProject
Project("{FAE04EC0-301F-11D3-BF4B-00C04F79EFBC}") = "MSA.Common.Security", "MSA.Common.Security\MSA.Common.Security.csproj", "{00208D1D-2E74-4E0C-B7D1-A41E97A3C414}"
EndProject
Global
	GlobalSection(SolutionConfigurationPlatforms) = preSolution
		Debug|Any CPU = Debug|Any CPU
		Release|Any CPU = Release|Any CPU
	EndGlobalSection
	GlobalSection(SolutionProperties) = preSolution
		HideSolutionNode = FALSE
	EndGlobalSection
	GlobalSection(ProjectConfigurationPlatforms) = postSolution
		{E8B2C982-1E83-4C6E-858B-2C59CF525230}.Debug|Any CPU.ActiveCfg = Debug|Any CPU
		{E8B2C982-1E83-4C6E-858B-2C59CF525230}.Debug|Any CPU.Build.0 = Debug|Any CPU
		{E8B2C982-1E83-4C6E-858B-2C59CF525230}.Release|Any CPU.ActiveCfg = Release|Any CPU
		{E8B2C982-1E83-4C6E-858B-2C59CF525230}.Release|Any CPU.Build.0 = Release|Any CPU
		{1A5569A7-F557-4C1C-96A9-DFA564F0626A}.Debug|Any CPU.ActiveCfg = Debug|Any CPU
		{1A5569A7-F557-4C1C-96A9-DFA564F0626A}.Debug|Any CPU.Build.0 = Debug|Any CPU
		{1A5569A7-F557-4C1C-96A9-DFA564F0626A}.Release|Any CPU.ActiveCfg = Release|Any CPU
		{1A5569A7-F557-4C1C-96A9-DFA564F0626A}.Release|Any CPU.Build.0 = Release|Any CPU
		{86E38697-02BB-4C83-9040-71D67494D3A7}.Debug|Any CPU.ActiveCfg = Debug|Any CPU
		{86E38697-02BB-4C83-9040-71D67494D3A7}.Debug|Any CPU.Build.0 = Debug|Any CPU
		{86E38697-02BB-4C83-9040-71D67494D3A7}.Release|Any CPU.ActiveCfg = Release|Any CPU
		{86E38697-02BB-4C83-9040-71D67494D3A7}.Release|Any CPU.Build.0 = Release|Any CPU
		{B5A4FEF4-1289-4163-A533-2B88361F8FD8}.Debug|Any CPU.ActiveCfg = Debug|Any CPU
		{B5A4FEF4-1289-4163-A533-2B88361F8FD8}.Debug|Any CPU.Build.0 = Debug|Any CPU
		{B5A4FEF4-1289-4163-A533-2B88361F8FD8}.Release|Any CPU.ActiveCfg = Release|Any CPU
		{B5A4FEF4-1289-4163-A533-2B88361F8FD8}.Release|Any CPU.Build.0 = Release|Any CPU
		{F5A7A932-27BF-41EC-93DE-F4798F69C758}.Debug|Any CPU.ActiveCfg = Debug|Any CPU
		{F5A7A932-27BF-41EC-93DE-F4798F69C758}.Debug|Any CPU.Build.0 = Debug|Any CPU
		{F5A7A932-27BF-41EC-93DE-F4798F69C758}.Release|Any CPU.ActiveCfg = Release|Any CPU
		{F5A7A932-27BF-41EC-93DE-F4798F69C758}.Release|Any CPU.Build.0 = Release|Any CPU
		{E82C370B-BC85-4BB2-BF3B-200D4E2513AB}.Debug|Any CPU.ActiveCfg = Debug|Any CPU
		{E82C370B-BC85-4BB2-BF3B-200D4E2513AB}.Debug|Any CPU.Build.0 = Debug|Any CPU
		{E82C370B-BC85-4BB2-BF3B-200D4E2513AB}.Release|Any CPU.ActiveCfg = Release|Any CPU
		{E82C370B-BC85-4BB2-BF3B-200D4E2513AB}.Release|Any CPU.Build.0 = Release|Any CPU
		{00208D1D-2E74-4E0C-B7D1-A41E97A3C414}.Debug|Any CPU.ActiveCfg = Debug|Any CPU
		{00208D1D-2E74-4E0C-B7D1-A41E97A3C414}.Debug|Any CPU.Build.0 = Debug|Any CPU
		{00208D1D-2E74-4E0C-B7D1-A41E97A3C414}.Release|Any CPU.ActiveCfg = Release|Any CPU
		{00208D1D-2E74-4E0C-B7D1-A41E97A3C414}.Release|Any CPU.Build.0 = Release|Any CPU
	EndGlobalSection
EndGlobal
